# This file is automatically @generated by Wally.
# It is not intended for manual editing.
registry = "test"

[[package]]
name = "1foreverhd/topbarplus"
version = "3.4.0"
dependencies = []

[[package]]
name = "alicesaidhi/jabby"
version = "0.2.2"
dependencies = [["jecs", "ukendio/jecs@0.5.5"], ["pebble", "alicesaidhi/pebble@0.1.2"], ["vide", "centau/vide@0.3.1"]]

[[package]]
name = "alicesaidhi/pebble"
version = "0.1.2"
dependencies = [["vide", "centau/vide@0.3.1"]]

[[package]]
name = "brittonfischer/camerashaker"
version = "0.1.0"
dependencies = []

[[package]]
name = "centau/vide"
version = "0.3.1"
dependencies = []

[[package]]
name = "ffrostflame/bytenet"
version = "0.4.6"
dependencies = []

[[package]]
name = "itipas/hacknslash"
version = "0.1.0"
dependencies = [["bytenet", "ffrostflame/bytenet@0.4.6"], ["camerashaker", "brittonfischer/camerashaker@0.1.0"], ["chrono", "parihsz/chrono@2.1.4"], ["expressive-prompts", "miagobble/expressive-prompts@1.1.4"], ["jabby", "alicesaidhi/jabby@0.2.2"], ["jecs", "ukendio/jecs@0.9.0"], ["profilestore", "sekuriyo-lotus/profilestore@1.0.4"], ["rodux", "jessekroeske/rodux@3.0.0"], ["signal", "sleitnick/signal@2.0.3"], ["simplepath", "jessekroeske/simplepath@2.2.2"], ["topbarplus", "1foreverhd/topbarplus@3.4.0"], ["zoneplus", "mattschrubb/zoneplus@3.2.0"]]

[[package]]
name = "jessekroeske/rodux"
version = "3.0.0"
dependencies = []

[[package]]
name = "jessekroeske/simplepath"
version = "2.2.2"
dependencies = []

[[package]]
name = "mattschrubb/zoneplus"
version = "3.2.0"
dependencies = []

[[package]]
name = "miagobble/expressive-prompts"
version = "1.1.4"
dependencies = [["Seam", "miagobble/seam@0.5.6"]]

[[package]]
name = "miagobble/seam"
version = "0.5.6"
dependencies = []

[[package]]
name = "parihsz/chrono"
version = "2.1.4"
dependencies = []

[[package]]
name = "sekuriyo-lotus/profilestore"
version = "1.0.4"
dependencies = []

[[package]]
name = "sleitnick/signal"
version = "2.0.3"
dependencies = []

[[package]]
name = "ukendio/jecs"
version = "0.5.5"
dependencies = []

[[package]]
name = "ukendio/jecs"
version = "0.9.0"
dependencies = []
